// !$*UTF8*$!
{
	archiveVersion = 1;
	classes = {
	};
	objectVersion = 56;
	objects = {

/* Begin PBXBuildFile section */
		ED41F132292D42270017833D /* SearchBarView.swift in Sources */ = {isa = PBXBuildFile; fileRef = ED41F131292D42270017833D /* SearchBarView.swift */; };
		ED41F134292E88400017833D /* UIApplication.swift in Sources */ = {isa = PBXBuildFile; fileRef = ED41F133292E88400017833D /* UIApplication.swift */; };
		ED4F82D5291982AE00CCA8BF /* HomeViewModel.swift in Sources */ = {isa = PBXBuildFile; fileRef = ED4F82D4291982AE00CCA8BF /* HomeViewModel.swift */; };
		ED4F82D8291AD69000CCA8BF /* CoinDataService.swift in Sources */ = {isa = PBXBuildFile; fileRef = ED4F82D7291AD69000CCA8BF /* CoinDataService.swift */; };
		ED4F82DB291D61BE00CCA8BF /* NetworkingManager.swift in Sources */ = {isa = PBXBuildFile; fileRef = ED4F82DA291D61BE00CCA8BF /* NetworkingManager.swift */; };
		ED4F82DE2922B21800CCA8BF /* CoinImageView.swift in Sources */ = {isa = PBXBuildFile; fileRef = ED4F82DD2922B21800CCA8BF /* CoinImageView.swift */; };
		ED4F82E02922B64900CCA8BF /* CoinImageServise.swift in Sources */ = {isa = PBXBuildFile; fileRef = ED4F82DF2922B64900CCA8BF /* CoinImageServise.swift */; };
		ED4F82E22922BAF600CCA8BF /* CoinImageViewModel.swift in Sources */ = {isa = PBXBuildFile; fileRef = ED4F82E12922BAF600CCA8BF /* CoinImageViewModel.swift */; };
		ED4F82E42924054800CCA8BF /* LocalFileManager.swift in Sources */ = {isa = PBXBuildFile; fileRef = ED4F82E32924054800CCA8BF /* LocalFileManager.swift */; };
		ED7A2A772909943100F3E58C /* RatesApp.swift in Sources */ = {isa = PBXBuildFile; fileRef = ED7A2A762909943100F3E58C /* RatesApp.swift */; };
		ED7A2A792909943100F3E58C /* ContentView.swift in Sources */ = {isa = PBXBuildFile; fileRef = ED7A2A782909943100F3E58C /* ContentView.swift */; };
		ED7A2A7B2909943300F3E58C /* Assets.xcassets in Resources */ = {isa = PBXBuildFile; fileRef = ED7A2A7A2909943300F3E58C /* Assets.xcassets */; };
		ED7A2A7E2909943300F3E58C /* Preview Assets.xcassets in Resources */ = {isa = PBXBuildFile; fileRef = ED7A2A7D2909943300F3E58C /* Preview Assets.xcassets */; };
		ED7A2A88290D3D4900F3E58C /* Color.swift in Sources */ = {isa = PBXBuildFile; fileRef = ED7A2A87290D3D4900F3E58C /* Color.swift */; };
		ED7A2A8E290D67AC00F3E58C /* HomeView.swift in Sources */ = {isa = PBXBuildFile; fileRef = ED7A2A8D290D67AC00F3E58C /* HomeView.swift */; };
		ED7A2A92290D6C9C00F3E58C /* CircleButtonView.swift in Sources */ = {isa = PBXBuildFile; fileRef = ED7A2A91290D6C9C00F3E58C /* CircleButtonView.swift */; };
		ED7A2A94290D762200F3E58C /* CircleButtonAnimationView.swift in Sources */ = {isa = PBXBuildFile; fileRef = ED7A2A93290D762200F3E58C /* CircleButtonAnimationView.swift */; };
		ED7A2A97290D7D6200F3E58C /* CoinModel.swift in Sources */ = {isa = PBXBuildFile; fileRef = ED7A2A96290D7D6200F3E58C /* CoinModel.swift */; };
		ED9F235229361302009A211D /* StatisticModel.swift in Sources */ = {isa = PBXBuildFile; fileRef = ED9F235129361302009A211D /* StatisticModel.swift */; };
		ED9F2355293616B9009A211D /* StatisticView.swift in Sources */ = {isa = PBXBuildFile; fileRef = ED9F2354293616B9009A211D /* StatisticView.swift */; };
		EDA1BC122917D3DD00DBA53B /* CoinRowView.swift in Sources */ = {isa = PBXBuildFile; fileRef = EDA1BC112917D3DD00DBA53B /* CoinRowView.swift */; };
		EDA1BC142917D4FA00DBA53B /* PreviewProvider.swift in Sources */ = {isa = PBXBuildFile; fileRef = EDA1BC132917D4FA00DBA53B /* PreviewProvider.swift */; };
		EDA1BC162917E19100DBA53B /* Double.swift in Sources */ = {isa = PBXBuildFile; fileRef = EDA1BC152917E19100DBA53B /* Double.swift */; };
/* End PBXBuildFile section */

/* Begin PBXFileReference section */
		ED41F131292D42270017833D /* SearchBarView.swift */ = {isa = PBXFileReference; lastKnownFileType = sourcecode.swift; path = SearchBarView.swift; sourceTree = "<group>"; };
		ED41F133292E88400017833D /* UIApplication.swift */ = {isa = PBXFileReference; lastKnownFileType = sourcecode.swift; path = UIApplication.swift; sourceTree = "<group>"; };
		ED4F82D4291982AE00CCA8BF /* HomeViewModel.swift */ = {isa = PBXFileReference; lastKnownFileType = sourcecode.swift; path = HomeViewModel.swift; sourceTree = "<group>"; };
		ED4F82D7291AD69000CCA8BF /* CoinDataService.swift */ = {isa = PBXFileReference; lastKnownFileType = sourcecode.swift; path = CoinDataService.swift; sourceTree = "<group>"; };
		ED4F82DA291D61BE00CCA8BF /* NetworkingManager.swift */ = {isa = PBXFileReference; lastKnownFileType = sourcecode.swift; path = NetworkingManager.swift; sourceTree = "<group>"; };
		ED4F82DD2922B21800CCA8BF /* CoinImageView.swift */ = {isa = PBXFileReference; lastKnownFileType = sourcecode.swift; path = CoinImageView.swift; sourceTree = "<group>"; };
		ED4F82DF2922B64900CCA8BF /* CoinImageServise.swift */ = {isa = PBXFileReference; lastKnownFileType = sourcecode.swift; path = CoinImageServise.swift; sourceTree = "<group>"; };
		ED4F82E12922BAF600CCA8BF /* CoinImageViewModel.swift */ = {isa = PBXFileReference; lastKnownFileType = sourcecode.swift; path = CoinImageViewModel.swift; sourceTree = "<group>"; };
		ED4F82E32924054800CCA8BF /* LocalFileManager.swift */ = {isa = PBXFileReference; lastKnownFileType = sourcecode.swift; path = LocalFileManager.swift; sourceTree = "<group>"; };
		ED7A2A732909943100F3E58C /* Rates.app */ = {isa = PBXFileReference; explicitFileType = wrapper.application; includeInIndex = 0; path = Rates.app; sourceTree = BUILT_PRODUCTS_DIR; };
		ED7A2A762909943100F3E58C /* RatesApp.swift */ = {isa = PBXFileReference; lastKnownFileType = sourcecode.swift; path = RatesApp.swift; sourceTree = "<group>"; };
		ED7A2A782909943100F3E58C /* ContentView.swift */ = {isa = PBXFileReference; lastKnownFileType = sourcecode.swift; path = ContentView.swift; sourceTree = "<group>"; };
		ED7A2A7A2909943300F3E58C /* Assets.xcassets */ = {isa = PBXFileReference; lastKnownFileType = folder.assetcatalog; path = Assets.xcassets; sourceTree = "<group>"; };
		ED7A2A7D2909943300F3E58C /* Preview Assets.xcassets */ = {isa = PBXFileReference; lastKnownFileType = folder.assetcatalog; path = "Preview Assets.xcassets"; sourceTree = "<group>"; };
		ED7A2A87290D3D4900F3E58C /* Color.swift */ = {isa = PBXFileReference; lastKnownFileType = sourcecode.swift; path = Color.swift; sourceTree = "<group>"; };
		ED7A2A8D290D67AC00F3E58C /* HomeView.swift */ = {isa = PBXFileReference; lastKnownFileType = sourcecode.swift; path = HomeView.swift; sourceTree = "<group>"; };
		ED7A2A91290D6C9C00F3E58C /* CircleButtonView.swift */ = {isa = PBXFileReference; lastKnownFileType = sourcecode.swift; path = CircleButtonView.swift; sourceTree = "<group>"; };
		ED7A2A93290D762200F3E58C /* CircleButtonAnimationView.swift */ = {isa = PBXFileReference; lastKnownFileType = sourcecode.swift; path = CircleButtonAnimationView.swift; sourceTree = "<group>"; };
		ED7A2A96290D7D6200F3E58C /* CoinModel.swift */ = {isa = PBXFileReference; lastKnownFileType = sourcecode.swift; path = CoinModel.swift; sourceTree = "<group>"; };
		ED9F235129361302009A211D /* StatisticModel.swift */ = {isa = PBXFileReference; lastKnownFileType = sourcecode.swift; path = StatisticModel.swift; sourceTree = "<group>"; };
		ED9F2354293616B9009A211D /* StatisticView.swift */ = {isa = PBXFileReference; lastKnownFileType = sourcecode.swift; path = StatisticView.swift; sourceTree = "<group>"; };
		EDA1BC112917D3DD00DBA53B /* CoinRowView.swift */ = {isa = PBXFileReference; lastKnownFileType = sourcecode.swift; path = CoinRowView.swift; sourceTree = "<group>"; };
		EDA1BC132917D4FA00DBA53B /* PreviewProvider.swift */ = {isa = PBXFileReference; lastKnownFileType = sourcecode.swift; path = PreviewProvider.swift; sourceTree = "<group>"; };
		EDA1BC152917E19100DBA53B /* Double.swift */ = {isa = PBXFileReference; lastKnownFileType = sourcecode.swift; path = Double.swift; sourceTree = "<group>"; };
/* End PBXFileReference section */

/* Begin PBXFrameworksBuildPhase section */
		ED7A2A702909943100F3E58C /* Frameworks */ = {
			isa = PBXFrameworksBuildPhase;
			buildActionMask = 2147483647;
			files = (
			);
			runOnlyForDeploymentPostprocessing = 0;
		};
/* End PBXFrameworksBuildPhase section */

/* Begin PBXGroup section */
		ED41F130292D41FC0017833D /* SearchBar */ = {
			isa = PBXGroup;
			children = (
				ED41F131292D42270017833D /* SearchBarView.swift */,
			);
			path = SearchBar;
			sourceTree = "<group>";
		};
		ED4F82D6291AD60A00CCA8BF /* Services */ = {
			isa = PBXGroup;
			children = (
				ED4F82D7291AD69000CCA8BF /* CoinDataService.swift */,
				ED4F82DF2922B64900CCA8BF /* CoinImageServise.swift */,
			);
			path = Services;
			sourceTree = "<group>";
		};
		ED4F82D9291D616B00CCA8BF /* Utilites */ = {
			isa = PBXGroup;
			children = (
				ED4F82DA291D61BE00CCA8BF /* NetworkingManager.swift */,
				ED4F82E32924054800CCA8BF /* LocalFileManager.swift */,
			);
			path = Utilites;
			sourceTree = "<group>";
		};
		ED4F82DC2922B1EB00CCA8BF /* CoinImage */ = {
			isa = PBXGroup;
			children = (
				ED4F82DD2922B21800CCA8BF /* CoinImageView.swift */,
				ED4F82E12922BAF600CCA8BF /* CoinImageViewModel.swift */,
			);
			path = CoinImage;
			sourceTree = "<group>";
		};
		ED7A2A6A2909943100F3E58C = {
			isa = PBXGroup;
			children = (
				ED7A2A752909943100F3E58C /* Rates */,
				ED7A2A742909943100F3E58C /* Products */,
			);
			sourceTree = "<group>";
		};
		ED7A2A742909943100F3E58C /* Products */ = {
			isa = PBXGroup;
			children = (
				ED7A2A732909943100F3E58C /* Rates.app */,
			);
			name = Products;
			sourceTree = "<group>";
		};
		ED7A2A752909943100F3E58C /* Rates */ = {
			isa = PBXGroup;
			children = (
				ED7A2A762909943100F3E58C /* RatesApp.swift */,
				ED7A2A782909943100F3E58C /* ContentView.swift */,
				ED7A2A7A2909943300F3E58C /* Assets.xcassets */,
				ED4F82D9291D616B00CCA8BF /* Utilites */,
				ED7A2A86290D3D1200F3E58C /* Extensions */,
				ED4F82D6291AD60A00CCA8BF /* Services */,
				ED7A2A95290D7CB100F3E58C /* Models */,
				ED7A2A89290D673800F3E58C /* Core */,
				ED7A2A7C2909943300F3E58C /* Preview Content */,
			);
			path = Rates;
			sourceTree = "<group>";
		};
		ED7A2A7C2909943300F3E58C /* Preview Content */ = {
			isa = PBXGroup;
			children = (
				ED7A2A7D2909943300F3E58C /* Preview Assets.xcassets */,
			);
			path = "Preview Content";
			sourceTree = "<group>";
		};
		ED7A2A86290D3D1200F3E58C /* Extensions */ = {
			isa = PBXGroup;
			children = (
				ED7A2A87290D3D4900F3E58C /* Color.swift */,
				EDA1BC132917D4FA00DBA53B /* PreviewProvider.swift */,
				EDA1BC152917E19100DBA53B /* Double.swift */,
				ED41F133292E88400017833D /* UIApplication.swift */,
			);
			path = Extensions;
			sourceTree = "<group>";
		};
		ED7A2A89290D673800F3E58C /* Core */ = {
			isa = PBXGroup;
			children = (
				ED7A2A8F290D6C4600F3E58C /* Components */,
				ED7A2A8A290D676000F3E58C /* Home */,
			);
			path = Core;
			sourceTree = "<group>";
		};
		ED7A2A8A290D676000F3E58C /* Home */ = {
			isa = PBXGroup;
			children = (
				ED7A2A8C290D678000F3E58C /* ViewModels */,
				ED7A2A8B290D677800F3E58C /* Views */,
			);
			path = Home;
			sourceTree = "<group>";
		};
		ED7A2A8B290D677800F3E58C /* Views */ = {
			isa = PBXGroup;
			children = (
				ED7A2A8D290D67AC00F3E58C /* HomeView.swift */,
				EDA1BC112917D3DD00DBA53B /* CoinRowView.swift */,
			);
			path = Views;
			sourceTree = "<group>";
		};
		ED7A2A8C290D678000F3E58C /* ViewModels */ = {
			isa = PBXGroup;
			children = (
				ED4F82D4291982AE00CCA8BF /* HomeViewModel.swift */,
			);
			path = ViewModels;
			sourceTree = "<group>";
		};
		ED7A2A8F290D6C4600F3E58C /* Components */ = {
			isa = PBXGroup;
			children = (
				ED9F23532936167F009A211D /* Statistic */,
				ED41F130292D41FC0017833D /* SearchBar */,
				ED4F82DC2922B1EB00CCA8BF /* CoinImage */,
				ED7A2A90290D6C7100F3E58C /* CircleButton */,
			);
			path = Components;
			sourceTree = "<group>";
		};
		ED7A2A90290D6C7100F3E58C /* CircleButton */ = {
			isa = PBXGroup;
			children = (
				ED7A2A91290D6C9C00F3E58C /* CircleButtonView.swift */,
				ED7A2A93290D762200F3E58C /* CircleButtonAnimationView.swift */,
			);
			path = CircleButton;
			sourceTree = "<group>";
		};
		ED7A2A95290D7CB100F3E58C /* Models */ = {
			isa = PBXGroup;
			children = (
				ED7A2A96290D7D6200F3E58C /* CoinModel.swift */,
				ED9F235129361302009A211D /* StatisticModel.swift */,
			);
			path = Models;
			sourceTree = "<group>";
		};
		ED9F23532936167F009A211D /* Statistic */ = {
			isa = PBXGroup;
			children = (
				ED9F2354293616B9009A211D /* StatisticView.swift */,
			);
			path = Statistic;
			sourceTree = "<group>";
		};
/* End PBXGroup section */

/* Begin PBXNativeTarget section */
		ED7A2A722909943100F3E58C /* Rates */ = {
			isa = PBXNativeTarget;
			buildConfigurationList = ED7A2A812909943300F3E58C /* Build configuration list for PBXNativeTarget "Rates" */;
			buildPhases = (
				ED7A2A6F2909943100F3E58C /* Sources */,
				ED7A2A702909943100F3E58C /* Frameworks */,
				ED7A2A712909943100F3E58C /* Resources */,
			);
			buildRules = (
			);
			dependencies = (
			);
			name = Rates;
			productName = Rates;
			productReference = ED7A2A732909943100F3E58C /* Rates.app */;
			productType = "com.apple.product-type.application";
		};
/* End PBXNativeTarget section */

/* Begin PBXProject section */
		ED7A2A6B2909943100F3E58C /* Project object */ = {
			isa = PBXProject;
			attributes = {
				BuildIndependentTargetsInParallel = 1;
				LastSwiftUpdateCheck = 1400;
				LastUpgradeCheck = 1400;
				TargetAttributes = {
					ED7A2A722909943100F3E58C = {
						CreatedOnToolsVersion = 14.0;
					};
				};
			};
			buildConfigurationList = ED7A2A6E2909943100F3E58C /* Build configuration list for PBXProject "Rates" */;
			compatibilityVersion = "Xcode 14.0";
			developmentRegion = en;
			hasScannedForEncodings = 0;
			knownRegions = (
				en,
				Base,
			);
			mainGroup = ED7A2A6A2909943100F3E58C;
			productRefGroup = ED7A2A742909943100F3E58C /* Products */;
			projectDirPath = "";
			projectRoot = "";
			targets = (
				ED7A2A722909943100F3E58C /* Rates */,
			);
		};
/* End PBXProject section */

/* Begin PBXResourcesBuildPhase section */
		ED7A2A712909943100F3E58C /* Resources */ = {
			isa = PBXResourcesBuildPhase;
			buildActionMask = 2147483647;
			files = (
				ED7A2A7E2909943300F3E58C /* Preview Assets.xcassets in Resources */,
				ED7A2A7B2909943300F3E58C /* Assets.xcassets in Resources */,
			);
			runOnlyForDeploymentPostprocessing = 0;
		};
/* End PBXResourcesBuildPhase section */

/* Begin PBXSourcesBuildPhase section */
		ED7A2A6F2909943100F3E58C /* Sources */ = {
			isa = PBXSourcesBuildPhase;
			buildActionMask = 2147483647;
			files = (
				ED4F82D8291AD69000CCA8BF /* CoinDataService.swift in Sources */,
				EDA1BC122917D3DD00DBA53B /* CoinRowView.swift in Sources */,
				ED7A2A792909943100F3E58C /* ContentView.swift in Sources */,
				ED7A2A8E290D67AC00F3E58C /* HomeView.swift in Sources */,
				ED4F82E42924054800CCA8BF /* LocalFileManager.swift in Sources */,
				ED7A2A772909943100F3E58C /* RatesApp.swift in Sources */,
				ED4F82DE2922B21800CCA8BF /* CoinImageView.swift in Sources */,
				ED9F2355293616B9009A211D /* StatisticView.swift in Sources */,
				ED7A2A92290D6C9C00F3E58C /* CircleButtonView.swift in Sources */,
				ED41F134292E88400017833D /* UIApplication.swift in Sources */,
				ED7A2A88290D3D4900F3E58C /* Color.swift in Sources */,
				ED7A2A94290D762200F3E58C /* CircleButtonAnimationView.swift in Sources */,
				ED41F132292D42270017833D /* SearchBarView.swift in Sources */,
				ED4F82DB291D61BE00CCA8BF /* NetworkingManager.swift in Sources */,
				ED4F82D5291982AE00CCA8BF /* HomeViewModel.swift in Sources */,
				ED4F82E22922BAF600CCA8BF /* CoinImageViewModel.swift in Sources */,
				EDA1BC142917D4FA00DBA53B /* PreviewProvider.swift in Sources */,
				EDA1BC162917E19100DBA53B /* Double.swift in Sources */,
				ED9F235229361302009A211D /* StatisticModel.swift in Sources */,
				ED7A2A97290D7D6200F3E58C /* CoinModel.swift in Sources */,
				ED4F82E02922B64900CCA8BF /* CoinImageServise.swift in Sources */,
			);
			runOnlyForDeploymentPostprocessing = 0;
		};
/* End PBXSourcesBuildPhase section */

/* Begin XCBuildConfiguration section */
		ED7A2A7F2909943300F3E58C /* Debug */ = {
			isa = XCBuildConfiguration;
			buildSettings = {
				ALWAYS_SEARCH_USER_PATHS = NO;
				CLANG_ANALYZER_NONNULL = YES;
				CLANG_ANALYZER_NUMBER_OBJECT_CONVERSION = YES_AGGRESSIVE;
				CLANG_CXX_LANGUAGE_STANDARD = "gnu++20";
				CLANG_ENABLE_MODULES = YES;
				CLANG_ENABLE_OBJC_ARC = YES;
				CLANG_ENABLE_OBJC_WEAK = YES;
				CLANG_WARN_BLOCK_CAPTURE_AUTORELEASING = YES;
				CLANG_WARN_BOOL_CONVERSION = YES;
				CLANG_WARN_COMMA = YES;
				CLANG_WARN_CONSTANT_CONVERSION = YES;
				CLANG_WARN_DEPRECATED_OBJC_IMPLEMENTATIONS = YES;
				CLANG_WARN_DIRECT_OBJC_ISA_USAGE = YES_ERROR;
				CLANG_WARN_DOCUMENTATION_COMMENTS = YES;
				CLANG_WARN_EMPTY_BODY = YES;
				CLANG_WARN_ENUM_CONVERSION = YES;
				CLANG_WARN_INFINITE_RECURSION = YES;
				CLANG_WARN_INT_CONVERSION = YES;
				CLANG_WARN_NON_LITERAL_NULL_CONVERSION = YES;
				CLANG_WARN_OBJC_IMPLICIT_RETAIN_SELF = YES;
				CLANG_WARN_OBJC_LITERAL_CONVERSION = YES;
				CLANG_WARN_OBJC_ROOT_CLASS = YES_ERROR;
				CLANG_WARN_QUOTED_INCLUDE_IN_FRAMEWORK_HEADER = YES;
				CLANG_WARN_RANGE_LOOP_ANALYSIS = YES;
				CLANG_WARN_STRICT_PROTOTYPES = YES;
				CLANG_WARN_SUSPICIOUS_MOVE = YES;
				CLANG_WARN_UNGUARDED_AVAILABILITY = YES_AGGRESSIVE;
				CLANG_WARN_UNREACHABLE_CODE = YES;
				CLANG_WARN__DUPLICATE_METHOD_MATCH = YES;
				COPY_PHASE_STRIP = NO;
				DEBUG_INFORMATION_FORMAT = dwarf;
				ENABLE_STRICT_OBJC_MSGSEND = YES;
				ENABLE_TESTABILITY = YES;
				GCC_C_LANGUAGE_STANDARD = gnu11;
				GCC_DYNAMIC_NO_PIC = NO;
				GCC_NO_COMMON_BLOCKS = YES;
				GCC_OPTIMIZATION_LEVEL = 0;
				GCC_PREPROCESSOR_DEFINITIONS = (
					"DEBUG=1",
					"$(inherited)",
				);
				GCC_WARN_64_TO_32_BIT_CONVERSION = YES;
				GCC_WARN_ABOUT_RETURN_TYPE = YES_ERROR;
				GCC_WARN_UNDECLARED_SELECTOR = YES;
				GCC_WARN_UNINITIALIZED_AUTOS = YES_AGGRESSIVE;
				GCC_WARN_UNUSED_FUNCTION = YES;
				GCC_WARN_UNUSED_VARIABLE = YES;
				IPHONEOS_DEPLOYMENT_TARGET = 16.0;
				MTL_ENABLE_DEBUG_INFO = INCLUDE_SOURCE;
				MTL_FAST_MATH = YES;
				ONLY_ACTIVE_ARCH = YES;
				SDKROOT = iphoneos;
				SWIFT_ACTIVE_COMPILATION_CONDITIONS = DEBUG;
				SWIFT_OPTIMIZATION_LEVEL = "-Onone";
			};
			name = Debug;
		};
		ED7A2A802909943300F3E58C /* Release */ = {
			isa = XCBuildConfiguration;
			buildSettings = {
				ALWAYS_SEARCH_USER_PATHS = NO;
				CLANG_ANALYZER_NONNULL = YES;
				CLANG_ANALYZER_NUMBER_OBJECT_CONVERSION = YES_AGGRESSIVE;
				CLANG_CXX_LANGUAGE_STANDARD = "gnu++20";
				CLANG_ENABLE_MODULES = YES;
				CLANG_ENABLE_OBJC_ARC = YES;
				CLANG_ENABLE_OBJC_WEAK = YES;
				CLANG_WARN_BLOCK_CAPTURE_AUTORELEASING = YES;
				CLANG_WARN_BOOL_CONVERSION = YES;
				CLANG_WARN_COMMA = YES;
				CLANG_WARN_CONSTANT_CONVERSION = YES;
				CLANG_WARN_DEPRECATED_OBJC_IMPLEMENTATIONS = YES;
				CLANG_WARN_DIRECT_OBJC_ISA_USAGE = YES_ERROR;
				CLANG_WARN_DOCUMENTATION_COMMENTS = YES;
				CLANG_WARN_EMPTY_BODY = YES;
				CLANG_WARN_ENUM_CONVERSION = YES;
				CLANG_WARN_INFINITE_RECURSION = YES;
				CLANG_WARN_INT_CONVERSION = YES;
				CLANG_WARN_NON_LITERAL_NULL_CONVERSION = YES;
				CLANG_WARN_OBJC_IMPLICIT_RETAIN_SELF = YES;
				CLANG_WARN_OBJC_LITERAL_CONVERSION = YES;
				CLANG_WARN_OBJC_ROOT_CLASS = YES_ERROR;
				CLANG_WARN_QUOTED_INCLUDE_IN_FRAMEWORK_HEADER = YES;
				CLANG_WARN_RANGE_LOOP_ANALYSIS = YES;
				CLANG_WARN_STRICT_PROTOTYPES = YES;
				CLANG_WARN_SUSPICIOUS_MOVE = YES;
				CLANG_WARN_UNGUARDED_AVAILABILITY = YES_AGGRESSIVE;
				CLANG_WARN_UNREACHABLE_CODE = YES;
				CLANG_WARN__DUPLICATE_METHOD_MATCH = YES;
				COPY_PHASE_STRIP = NO;
				DEBUG_INFORMATION_FORMAT = "dwarf-with-dsym";
				ENABLE_NS_ASSERTIONS = NO;
				ENABLE_STRICT_OBJC_MSGSEND = YES;
				GCC_C_LANGUAGE_STANDARD = gnu11;
				GCC_NO_COMMON_BLOCKS = YES;
				GCC_WARN_64_TO_32_BIT_CONVERSION = YES;
				GCC_WARN_ABOUT_RETURN_TYPE = YES_ERROR;
				GCC_WARN_UNDECLARED_SELECTOR = YES;
				GCC_WARN_UNINITIALIZED_AUTOS = YES_AGGRESSIVE;
				GCC_WARN_UNUSED_FUNCTION = YES;
				GCC_WARN_UNUSED_VARIABLE = YES;
				IPHONEOS_DEPLOYMENT_TARGET = 16.0;
				MTL_ENABLE_DEBUG_INFO = NO;
				MTL_FAST_MATH = YES;
				SDKROOT = iphoneos;
				SWIFT_COMPILATION_MODE = wholemodule;
				SWIFT_OPTIMIZATION_LEVEL = "-O";
				VALIDATE_PRODUCT = YES;
			};
			name = Release;
		};
		ED7A2A822909943300F3E58C /* Debug */ = {
			isa = XCBuildConfiguration;
			buildSettings = {
				ASSETCATALOG_COMPILER_APPICON_NAME = AppIcon;
				ASSETCATALOG_COMPILER_GLOBAL_ACCENT_COLOR_NAME = AccentColor;
				CODE_SIGN_STYLE = Automatic;
				CURRENT_PROJECT_VERSION = 1;
				DEVELOPMENT_ASSET_PATHS = "\"Rates/Preview Content\"";
				DEVELOPMENT_TEAM = WUPLHJKG9Y;
				ENABLE_PREVIEWS = YES;
				GENERATE_INFOPLIST_FILE = YES;
				INFOPLIST_KEY_UIApplicationSceneManifest_Generation = YES;
				INFOPLIST_KEY_UIApplicationSupportsIndirectInputEvents = YES;
				INFOPLIST_KEY_UILaunchScreen_Generation = YES;
				INFOPLIST_KEY_UISupportedInterfaceOrientations = UIInterfaceOrientationPortrait;
				INFOPLIST_KEY_UISupportedInterfaceOrientations_iPad = "UIInterfaceOrientationLandscapeLeft UIInterfaceOrientationLandscapeRight UIInterfaceOrientationPortrait UIInterfaceOrientationPortraitUpsideDown";
				LD_RUNPATH_SEARCH_PATHS = (
					"$(inherited)",
					"@executable_path/Frameworks",
				);
				MARKETING_VERSION = 1.0;
				PRODUCT_BUNDLE_IDENTIFIER = ru.kirill.Rates;
				PRODUCT_NAME = "$(TARGET_NAME)";
				SWIFT_EMIT_LOC_STRINGS = YES;
				SWIFT_VERSION = 5.0;
				TARGETED_DEVICE_FAMILY = "1,2";
			};
			name = Debug;
		};
		ED7A2A832909943300F3E58C /* Release */ = {
			isa = XCBuildConfiguration;
			buildSettings = {
				ASSETCATALOG_COMPILER_APPICON_NAME = AppIcon;
				ASSETCATALOG_COMPILER_GLOBAL_ACCENT_COLOR_NAME = AccentColor;
				CODE_SIGN_STYLE = Automatic;
				CURRENT_PROJECT_VERSION = 1;
				DEVELOPMENT_ASSET_PATHS = "\"Rates/Preview Content\"";
				DEVELOPMENT_TEAM = WUPLHJKG9Y;
				ENABLE_PREVIEWS = YES;
				GENERATE_INFOPLIST_FILE = YES;
				INFOPLIST_KEY_UIApplicationSceneManifest_Generation = YES;
				INFOPLIST_KEY_UIApplicationSupportsIndirectInputEvents = YES;
				INFOPLIST_KEY_UILaunchScreen_Generation = YES;
				INFOPLIST_KEY_UISupportedInterfaceOrientations = UIInterfaceOrientationPortrait;
				INFOPLIST_KEY_UISupportedInterfaceOrientations_iPad = "UIInterfaceOrientationLandscapeLeft UIInterfaceOrientationLandscapeRight UIInterfaceOrientationPortrait UIInterfaceOrientationPortraitUpsideDown";
				LD_RUNPATH_SEARCH_PATHS = (
					"$(inherited)",
					"@executable_path/Frameworks",
				);
				MARKETING_VERSION = 1.0;
				PRODUCT_BUNDLE_IDENTIFIER = ru.kirill.Rates;
				PRODUCT_NAME = "$(TARGET_NAME)";
				SWIFT_EMIT_LOC_STRINGS = YES;
				SWIFT_VERSION = 5.0;
				TARGETED_DEVICE_FAMILY = "1,2";
			};
			name = Release;
		};
/* End XCBuildConfiguration section */

/* Begin XCConfigurationList section */
		ED7A2A6E2909943100F3E58C /* Build configuration list for PBXProject "Rates" */ = {
			isa = XCConfigurationList;
			buildConfigurations = (
				ED7A2A7F2909943300F3E58C /* Debug */,
				ED7A2A802909943300F3E58C /* Release */,
			);
			defaultConfigurationIsVisible = 0;
			defaultConfigurationName = Release;
		};
		ED7A2A812909943300F3E58C /* Build configuration list for PBXNativeTarget "Rates" */ = {
			isa = XCConfigurationList;
			buildConfigurations = (
				ED7A2A822909943300F3E58C /* Debug */,
				ED7A2A832909943300F3E58C /* Release */,
			);
			defaultConfigurationIsVisible = 0;
			defaultConfigurationName = Release;
		};
/* End XCConfigurationList section */
	};
	rootObject = ED7A2A6B2909943100F3E58C /* Project object */;
}
